{
    "_meta": {
        "hash": {
            "sha256": "1f5548e67374ea21f6b9a6f2e289ecd5be096d63f52e61a06b50af5b95039028"
        },
        "pipfile-spec": 6,
        "requires": {
            "python_version": "3.12"
        },
        "sources": [
            {
                "name": "pypi",
                "url": "https://pypi.org/simple",
                "verify_ssl": true
            }
        ]
    },
    "default": {
        "babel": {
            "hashes": [
                "sha256:0c54cffb19f690cdcc52a3b50bcbf71e07a808d1c80d549f2459b9d2cf0afb9d",
                "sha256:4d0b53093fdfb4b21c92b5213dba5a1b23885afa8383709427046b21c366e5f2"
            ],
            "index": "pypi",
            "markers": "python_version >= '3.8'",
            "version": "==2.17.0"
        }
    },
    "develop": {}
}
