{
    "_meta": {
        "hash": {
            "sha256": "9f7b6db61ca519ee45616dceb388cf4af787acc4fce1f128738b9e2d4d4942bc"
        },
        "pipfile-spec": 6,
        "requires": {
            "python_version": "3.12"
        },
        "sources": [
            {
                "name": "pypi",
                "url": "https://pypi.org/simple",
                "verify_ssl": true
            }
        ]
    },
    "default": {
        "cowsay": {
            "hashes": [
                "sha256:274b1e6fc1b966d53976333eb90ac94cb07a450a700b455af9fbdf882244b30a"
            ],
            "index": "pypi",
            "markers": "python_version >= '3.8'",
            "version": "==6.1"
        }
    },
    "develop": {}
}
